
Microsoft Visual Studio Solution File, Format Version 12.00
# Visual Studio Version 16
VisualStudioVersion = 16.0.30225.117
MinimumVisualStudioVersion = 10.0.40219.1
Project("{FAE04EC0-301F-11D3-BF4B-00C04F79EFBC}") = "IParkT-Authentication", "IParkT-Authentication.csproj", "{2522C2C2-DB07-4602-99C4-73D8CE84EE6D}"
EndProject
Global
	GlobalSection(SolutionConfigurationPlatforms) = preSolution
		Debug|Any CPU = Debug|Any CPU
		Release|Any CPU = Release|Any CPU
	EndGlobalSection
	GlobalSection(ProjectConfigurationPlatforms) = postSolution
		{2522C2C2-DB07-4602-99C4-73D8CE84EE6D}.Debug|Any CPU.ActiveCfg = Debug|Any CPU
		{2522C2C2-DB07-4602-99C4-73D8CE84EE6D}.Debug|Any CPU.Build.0 = Debug|Any CPU
		{2522C2C2-DB07-4602-99C4-73D8CE84EE6D}.Release|Any CPU.ActiveCfg = Release|Any CPU
		{2522C2C2-DB07-4602-99C4-73D8CE84EE6D}.Release|Any CPU.Build.0 = Release|Any CPU
	EndGlobalSection
	GlobalSection(SolutionProperties) = preSolution
		HideSolutionNode = FALSE
	EndGlobalSection
	GlobalSection(ExtensibilityGlobals) = postSolution
		SolutionGuid = {AD8673AC-5B3B-48CB-A162-8C7EF995F422}
	EndGlobalSection
EndGlobal
